
Microsoft Visual Studio Solution File, Format Version 12.00
# Visual Studio Version 16
VisualStudioVersion = 16.0.29001.49
MinimumVisualStudioVersion = 10.0.40219.1
Project("{FAE04EC0-301F-11D3-BF4B-00C04F79EFBC}") = "WhiteStrike.KeyVaultConnector", "KeyVaultConnector\WhiteStrike.KeyVaultConnector.csproj", "{0D668599-8654-41FC-96ED-12E394708E9E}"
EndProject
Project("{FAE04EC0-301F-11D3-BF4B-00C04F79EFBC}") = "WhiteStrike.KeyVaultConfiguration", "KeyVaultConfiguration\WhiteStrike.KeyVaultConfiguration.csproj", "{CDC3DB55-1C04-45ED-A879-29CDB6FE4F1E}"
EndProject
Project("{FAE04EC0-301F-11D3-BF4B-00C04F79EFBC}") = "WhiteStrike.KeyVaultTests", "WhiteStrike.KeyVaultTests\WhiteStrike.KeyVaultTests.csproj", "{1A4CC81C-46B5-45C3-A47E-6713D4BC87E5}"
EndProject
Global
	GlobalSection(SolutionConfigurationPlatforms) = preSolution
		Debug|Any CPU = Debug|Any CPU
		Release|Any CPU = Release|Any CPU
	EndGlobalSection
	GlobalSection(ProjectConfigurationPlatforms) = postSolution
		{0D668599-8654-41FC-96ED-12E394708E9E}.Debug|Any CPU.ActiveCfg = Debug|Any CPU
		{0D668599-8654-41FC-96ED-12E394708E9E}.Debug|Any CPU.Build.0 = Debug|Any CPU
		{0D668599-8654-41FC-96ED-12E394708E9E}.Release|Any CPU.ActiveCfg = Release|Any CPU
		{0D668599-8654-41FC-96ED-12E394708E9E}.Release|Any CPU.Build.0 = Release|Any CPU
		{CDC3DB55-1C04-45ED-A879-29CDB6FE4F1E}.Debug|Any CPU.ActiveCfg = Debug|Any CPU
		{CDC3DB55-1C04-45ED-A879-29CDB6FE4F1E}.Debug|Any CPU.Build.0 = Debug|Any CPU
		{CDC3DB55-1C04-45ED-A879-29CDB6FE4F1E}.Release|Any CPU.ActiveCfg = Release|Any CPU
		{CDC3DB55-1C04-45ED-A879-29CDB6FE4F1E}.Release|Any CPU.Build.0 = Release|Any CPU
		{1A4CC81C-46B5-45C3-A47E-6713D4BC87E5}.Debug|Any CPU.ActiveCfg = Debug|Any CPU
		{1A4CC81C-46B5-45C3-A47E-6713D4BC87E5}.Debug|Any CPU.Build.0 = Debug|Any CPU
		{1A4CC81C-46B5-45C3-A47E-6713D4BC87E5}.Release|Any CPU.ActiveCfg = Release|Any CPU
		{1A4CC81C-46B5-45C3-A47E-6713D4BC87E5}.Release|Any CPU.Build.0 = Release|Any CPU
	EndGlobalSection
	GlobalSection(SolutionProperties) = preSolution
		HideSolutionNode = FALSE
	EndGlobalSection
	GlobalSection(ExtensibilityGlobals) = postSolution
		SolutionGuid = {7F667A36-0B2F-4BE9-824E-C75C5C476634}
	EndGlobalSection
EndGlobal
